
Microsoft Visual Studio Solution File, Format Version 12.00
# Visual Studio Version 16
VisualStudioVersion = 16.0.29424.173
MinimumVisualStudioVersion = 10.0.40219.1
Project("{9A19103F-16F7-4668-BE54-9A1E7A4F7556}") = "iTrellis.CarDealership.Api", "iTrellis.CarDealership.Domain\iTrellis.CarDealership.Api.csproj", "{F95087DD-6252-49DB-A7A0-511A349265F6}"
EndProject
Project("{9A19103F-16F7-4668-BE54-9A1E7A4F7556}") = "iTrellis.CarDealership.ApiTest", "iTrellis.CarDealership.ApiTest\iTrellis.CarDealership.ApiTest.csproj", "{08254C2C-1014-4146-A261-A589728B09BA}"
EndProject
Project("{9092AA53-FB77-4645-B42D-1CCCA6BD08BD}") = "iTrellis.CarDealership.UI", "iTrellis.CarDealership.UI\iTrellis.CarDealership.UI.njsproj", "{6B0E12BE-C1B8-49BB-B767-3199D49BB3B9}"
EndProject
Global
	GlobalSection(SolutionConfigurationPlatforms) = preSolution
		Debug|Any CPU = Debug|Any CPU
		Release|Any CPU = Release|Any CPU
	EndGlobalSection
	GlobalSection(ProjectConfigurationPlatforms) = postSolution
		{F95087DD-6252-49DB-A7A0-511A349265F6}.Debug|Any CPU.ActiveCfg = Debug|Any CPU
		{F95087DD-6252-49DB-A7A0-511A349265F6}.Debug|Any CPU.Build.0 = Debug|Any CPU
		{F95087DD-6252-49DB-A7A0-511A349265F6}.Release|Any CPU.ActiveCfg = Release|Any CPU
		{F95087DD-6252-49DB-A7A0-511A349265F6}.Release|Any CPU.Build.0 = Release|Any CPU
		{08254C2C-1014-4146-A261-A589728B09BA}.Debug|Any CPU.ActiveCfg = Debug|Any CPU
		{08254C2C-1014-4146-A261-A589728B09BA}.Debug|Any CPU.Build.0 = Debug|Any CPU
		{08254C2C-1014-4146-A261-A589728B09BA}.Release|Any CPU.ActiveCfg = Release|Any CPU
		{08254C2C-1014-4146-A261-A589728B09BA}.Release|Any CPU.Build.0 = Release|Any CPU
		{6B0E12BE-C1B8-49BB-B767-3199D49BB3B9}.Debug|Any CPU.ActiveCfg = Debug|Any CPU
		{6B0E12BE-C1B8-49BB-B767-3199D49BB3B9}.Debug|Any CPU.Build.0 = Debug|Any CPU
		{6B0E12BE-C1B8-49BB-B767-3199D49BB3B9}.Release|Any CPU.ActiveCfg = Release|Any CPU
		{6B0E12BE-C1B8-49BB-B767-3199D49BB3B9}.Release|Any CPU.Build.0 = Release|Any CPU
	EndGlobalSection
	GlobalSection(SolutionProperties) = preSolution
		HideSolutionNode = FALSE
	EndGlobalSection
	GlobalSection(ExtensibilityGlobals) = postSolution
		SolutionGuid = {3FE5ACFC-A4DF-49D3-B5A5-F54D25D6DCAB}
	EndGlobalSection
EndGlobal
